
Microsoft Visual Studio Solution File, Format Version 12.00
# Visual Studio Version 17
VisualStudioVersion = 17.3.32825.248
MinimumVisualStudioVersion = 10.0.40219.1
Project("{2150E333-8FDC-42A3-9474-1A3956D46DE8}") = "Solution Items", "Solution Items", "{62200EBE-C522-4276-81D4-E8E8B7268D96}"
	ProjectSection(SolutionItems) = preProject
		README.md = README.md
	EndProjectSection
EndProject
Project("{FAE04EC0-301F-11D3-BF4B-00C04F79EFBC}") = "CleanEmployeeTimeTicketApp.Domain", "CleanEmployeeTimeTicketApp.Domain\CleanEmployeeTimeTicketApp.Domain.csproj", "{4D217D93-2FF1-42AF-926E-4C23881736A2}"
EndProject
Project("{FAE04EC0-301F-11D3-BF4B-00C04F79EFBC}") = "CleanEmployeeTimeTicketApp.Data", "CleanEmployeeTimeTicketApp.Data\CleanEmployeeTimeTicketApp.Data.csproj", "{4EC6EB79-CC2C-4EF6-99E7-32E7E0418B33}"
EndProject
Project("{FAE04EC0-301F-11D3-BF4B-00C04F79EFBC}") = "CleanEmployeeTimeTicketApp.UI", "CleanEmployeeTimeTicketApp.UI\CleanEmployeeTimeTicketApp.UI.csproj", "{E9DA1016-9180-4165-B8BF-5A323539D6F2}"
EndProject
Global
	GlobalSection(SolutionConfigurationPlatforms) = preSolution
		Debug|Any CPU = Debug|Any CPU
		Release|Any CPU = Release|Any CPU
	EndGlobalSection
	GlobalSection(ProjectConfigurationPlatforms) = postSolution
		{4D217D93-2FF1-42AF-926E-4C23881736A2}.Debug|Any CPU.ActiveCfg = Debug|Any CPU
		{4D217D93-2FF1-42AF-926E-4C23881736A2}.Debug|Any CPU.Build.0 = Debug|Any CPU
		{4D217D93-2FF1-42AF-926E-4C23881736A2}.Release|Any CPU.ActiveCfg = Release|Any CPU
		{4D217D93-2FF1-42AF-926E-4C23881736A2}.Release|Any CPU.Build.0 = Release|Any CPU
		{4EC6EB79-CC2C-4EF6-99E7-32E7E0418B33}.Debug|Any CPU.ActiveCfg = Debug|Any CPU
		{4EC6EB79-CC2C-4EF6-99E7-32E7E0418B33}.Debug|Any CPU.Build.0 = Debug|Any CPU
		{4EC6EB79-CC2C-4EF6-99E7-32E7E0418B33}.Release|Any CPU.ActiveCfg = Release|Any CPU
		{4EC6EB79-CC2C-4EF6-99E7-32E7E0418B33}.Release|Any CPU.Build.0 = Release|Any CPU
		{E9DA1016-9180-4165-B8BF-5A323539D6F2}.Debug|Any CPU.ActiveCfg = Debug|Any CPU
		{E9DA1016-9180-4165-B8BF-5A323539D6F2}.Debug|Any CPU.Build.0 = Debug|Any CPU
		{E9DA1016-9180-4165-B8BF-5A323539D6F2}.Release|Any CPU.ActiveCfg = Release|Any CPU
		{E9DA1016-9180-4165-B8BF-5A323539D6F2}.Release|Any CPU.Build.0 = Release|Any CPU
	EndGlobalSection
	GlobalSection(SolutionProperties) = preSolution
		HideSolutionNode = FALSE
	EndGlobalSection
	GlobalSection(ExtensibilityGlobals) = postSolution
		SolutionGuid = {8AC576E9-69BD-4F39-9FCA-F0FB0C49F46E}
	EndGlobalSection
EndGlobal
